
Microsoft Visual Studio Solution File, Format Version 12.00
# Visual Studio Version 16
VisualStudioVersion = 16.0.30804.86
MinimumVisualStudioVersion = 10.0.40219.1
Project("{FAE04EC0-301F-11D3-BF4B-00C04F79EFBC}") = "admin", "admin\admin.csproj", "{A0E99F07-1CFE-4D99-81F8-2DB7B71E9405}"
EndProject
Global
	GlobalSection(SolutionConfigurationPlatforms) = preSolution
		Debug|Any CPU = Debug|Any CPU
		Release|Any CPU = Release|Any CPU
	EndGlobalSection
	GlobalSection(ProjectConfigurationPlatforms) = postSolution
		{A0E99F07-1CFE-4D99-81F8-2DB7B71E9405}.Debug|Any CPU.ActiveCfg = Debug|Any CPU
		{A0E99F07-1CFE-4D99-81F8-2DB7B71E9405}.Debug|Any CPU.Build.0 = Debug|Any CPU
		{A0E99F07-1CFE-4D99-81F8-2DB7B71E9405}.Release|Any CPU.ActiveCfg = Release|Any CPU
		{A0E99F07-1CFE-4D99-81F8-2DB7B71E9405}.Release|Any CPU.Build.0 = Release|Any CPU
	EndGlobalSection
	GlobalSection(SolutionProperties) = preSolution
		HideSolutionNode = FALSE
	EndGlobalSection
	GlobalSection(ExtensibilityGlobals) = postSolution
		SolutionGuid = {ABDD2DCE-DFCB-40FE-9E95-14238BECD0C7}
	EndGlobalSection
EndGlobal
